
Microsoft Visual Studio Solution File, Format Version 12.00
# Visual Studio Version 17
VisualStudioVersion = 17.8.34511.84
MinimumVisualStudioVersion = 10.0.40219.1
Project("{FAE04EC0-301F-11D3-BF4B-00C04F79EFBC}") = "Microlise.Bowling.Kata", "Microlise.Bowling.Kata\Microlise.Bowling.Kata.csproj", "{FF53A047-1115-4379-9806-35D8DFD896BC}"
EndProject
Project("{FAE04EC0-301F-11D3-BF4B-00C04F79EFBC}") = "Microlise.Bowling.Kata.Tests", "Microlise.Bowling.Kata.Tests\Microlise.Bowling.Kata.Tests.csproj", "{2E06667B-2092-43AF-BDF0-3B6F7FC44E72}"
EndProject
Global
	GlobalSection(SolutionConfigurationPlatforms) = preSolution
		Debug|Any CPU = Debug|Any CPU
		Release|Any CPU = Release|Any CPU
	EndGlobalSection
	GlobalSection(ProjectConfigurationPlatforms) = postSolution
		{FF53A047-1115-4379-9806-35D8DFD896BC}.Debug|Any CPU.ActiveCfg = Debug|Any CPU
		{FF53A047-1115-4379-9806-35D8DFD896BC}.Debug|Any CPU.Build.0 = Debug|Any CPU
		{FF53A047-1115-4379-9806-35D8DFD896BC}.Release|Any CPU.ActiveCfg = Release|Any CPU
		{FF53A047-1115-4379-9806-35D8DFD896BC}.Release|Any CPU.Build.0 = Release|Any CPU
		{2E06667B-2092-43AF-BDF0-3B6F7FC44E72}.Debug|Any CPU.ActiveCfg = Debug|Any CPU
		{2E06667B-2092-43AF-BDF0-3B6F7FC44E72}.Debug|Any CPU.Build.0 = Debug|Any CPU
		{2E06667B-2092-43AF-BDF0-3B6F7FC44E72}.Release|Any CPU.ActiveCfg = Release|Any CPU
		{2E06667B-2092-43AF-BDF0-3B6F7FC44E72}.Release|Any CPU.Build.0 = Release|Any CPU
	EndGlobalSection
	GlobalSection(SolutionProperties) = preSolution
		HideSolutionNode = FALSE
	EndGlobalSection
	GlobalSection(ExtensibilityGlobals) = postSolution
		SolutionGuid = {530DE134-1BC5-4CDC-9466-9E7B6F23E0F4}
	EndGlobalSection
EndGlobal
